{
  "presidio_research": {
    "source": "github.com/microsoft/presidio-research",
    "commit": "TBD",
    "notes": "Pin after first clone"
  },
  "presidio_analyzer": "2.2.35",
  "python": "3.11.8",
  "rust": "1.76.0",
  "spacy_model": {
    "name": "en_core_web_lg",
    "version": "3.7.1",
    "md5": "TBD"
  },
  "faker": "22.0.0",
  "seeds": {
    "random": 42,
    "numpy": 42,
    "bootstrap_iterations": 10000
  },
  "pii_bench": {
    "source": "arxiv:2502.18545",
    "github": "THU-MIG/PII-Bench",
    "release": "v1.0",
    "samples": 2842,
    "sha256": "TBD",
    "notes": "7 PII types, 55 fine-grained subcategories. PII-single, PII-multi, PII-hard, PII-distract splits."
  },
  "tab": {
    "source": "NorskRegnesentral/text-anonymization-benchmark",
    "release": "v1.0",
    "documents": 1268,
    "license": "MIT",
    "sha256": "TBD",
    "notes": "1,268 ECHR court cases. Entity types: PERSON, ORG, LOC, DATETIME, CODE, DEM. Masking: DIRECT/QUASI/NO_MASK."
  },
  "datafog": {
    "model": "datafog/pii-ner",
    "source": "https://huggingface.co/datafog/pii-ner",
    "license": "Apache 2.0",
    "notes": "Open-source PII-NER model for head-to-head comparison. Falls back to regex if not installed."
  },
  "ai4privacy": {
    "dataset": "ai4privacy/open-pii-masking-500k",
    "source": "https://huggingface.co/datasets/ai4privacy/open-pii-masking-500k",
    "license": "Apache 2.0",
    "total_samples": 500000,
    "eval_subset": 2000,
    "languages": "50+",
    "notes": "Large-scale validation subset. 20+ PII entity types."
  },
  "adversarial": {
    "methodology": "Custom adversarial test suite",
    "categories": ["homoglyph", "zero_width", "base64", "leet", "separator", "edge_case", "bulk"],
    "references": [
      "Unicode TR36 (Security Considerations)",
      "NIST SP 800-188 (De-identification)"
    ],
    "notes": "Tests robustness against Unicode homoglyphs, zero-width chars, Base64 encoding, leet-speak, separator injection, and edge cases."
  }
}
